
Microsoft Visual Studio Solution File, Format Version 12.00
# Visual Studio Version 17
VisualStudioVersion = 17.9.34622.214
MinimumVisualStudioVersion = 10.0.40219.1
Project("{FAE04EC0-301F-11D3-BF4B-00C04F79EFBC}") = "CRM", "CRM\CRM.csproj", "{3A14C35E-11B5-411F-9F42-9BD81A46DD3A}"
EndProject
Global
	GlobalSection(SolutionConfigurationPlatforms) = preSolution
		Debug|Any CPU = Debug|Any CPU
		Release|Any CPU = Release|Any CPU
	EndGlobalSection
	GlobalSection(ProjectConfigurationPlatforms) = postSolution
		{3A14C35E-11B5-411F-9F42-9BD81A46DD3A}.Debug|Any CPU.ActiveCfg = Debug|Any CPU
		{3A14C35E-11B5-411F-9F42-9BD81A46DD3A}.Debug|Any CPU.Build.0 = Debug|Any CPU
		{3A14C35E-11B5-411F-9F42-9BD81A46DD3A}.Release|Any CPU.ActiveCfg = Release|Any CPU
		{3A14C35E-11B5-411F-9F42-9BD81A46DD3A}.Release|Any CPU.Build.0 = Release|Any CPU
	EndGlobalSection
	GlobalSection(SolutionProperties) = preSolution
		HideSolutionNode = FALSE
	EndGlobalSection
	GlobalSection(ExtensibilityGlobals) = postSolution
		SolutionGuid = {61F6700C-6C39-4CDC-9873-EB136E183E5A}
	EndGlobalSection
EndGlobal
